# THIS IS AN AUTOGENERATED FILE. DO NOT EDIT THIS FILE DIRECTLY.
# yarn lockfile v1


final-state@^2.0.1-alpha.0:
  version "2.0.1-alpha.0"
  resolved "https://registry.yarnpkg.com/final-state/-/final-state-2.0.1-alpha.0.tgz#43240ba8eacd4259109080597e848cfe871b3ba4"
  integrity sha512-koMhgCQP5fbIZK/ij+e7+BEfaVWv2Wo4Y7KL17i4orcHqhhSJcOD9mnh6q3tMt0wTgNZZPLn/K0hDvGblXfkdw==
  dependencies:
    immer "^5.0.0"

immer@^5.0.0:
  version "5.0.0"
  resolved "https://registry.yarnpkg.com/immer/-/immer-5.0.0.tgz#07f462b7d95f7e86c214a861ecacd766d42b8c0a"
  integrity sha512-G7gRqKbi9NE025XVyqyTV98dxUOtdKvu/P1QRaVZfA55aEcXgjbxPdm+TlWdcSMNPKijlaHNz61DGPyelouRlA==

immer@^8.0.1:
  version "8.0.1"
  resolved "https://registry.yarnpkg.com/immer/-/immer-8.0.1.tgz#9c73db683e2b3975c424fb0572af5889877ae656"
  integrity sha512-aqXhGP7//Gui2+UrEtvxZxSquQVXTpZ7KDxfCcKAF3Vysvw0CViVaW9RZ1j1xlIYqaaaipBoqdqeibkc18PNvA==

rxjs@^6.5.3:
  version "6.5.3"
  resolved "https://registry.yarnpkg.com/rxjs/-/rxjs-6.5.3.tgz#510e26317f4db91a7eb1de77d9dd9ba0a4899a3a"
  integrity sha512-wuYsAYYFdWTAnAaPoKGNhfpWwKZbJW+HgAJ+mImp+Epl7BG8oNWBCTyRM8gba9k4lk8BgWdoYm21Mo/RYhhbgA==
  dependencies:
    tslib "^1.9.0"

tslib@^1.9.0:
  version "1.10.0"
  resolved "https://registry.yarnpkg.com/tslib/-/tslib-1.10.0.tgz#c3c19f95973fb0a62973fb09d90d961ee43e5c8a"
  integrity sha512-qOebF53frne81cf0S9B41ByenJ3/IuH8yJKngAX35CmiZySA0khhkovshKK+jGCaMnVomla7gVlIcc3EvKPbTQ==
